
Microsoft Visual Studio Solution File, Format Version 11.00
# Visual Studio 2010
Project("{FAE04EC0-301F-11D3-BF4B-00C04F79EFBC}") = "Assembly-CSharp", "Assembly-CSharp.csproj", "{CA6CAE54-29CC-C8B9-A2BC-C0CFF97D92E8}"
EndProject
Project("{FAE04EC0-301F-11D3-BF4B-00C04F79EFBC}") = "Assembly-CSharp-Editor", "Assembly-CSharp-Editor.csproj", "{77DA862E-5C24-31ED-BACA-E19E2AAFE1C6}"
EndProject
Global
	GlobalSection(SolutionConfigurationPlatforms) = preSolution
		Debug|Any CPU = Debug|Any CPU
		Release|Any CPU = Release|Any CPU
	EndGlobalSection
	GlobalSection(ProjectConfigurationPlatforms) = postSolution
		{CA6CAE54-29CC-C8B9-A2BC-C0CFF97D92E8}.Debug|Any CPU.ActiveCfg = Debug|Any CPU
		{CA6CAE54-29CC-C8B9-A2BC-C0CFF97D92E8}.Debug|Any CPU.Build.0 = Debug|Any CPU
		{CA6CAE54-29CC-C8B9-A2BC-C0CFF97D92E8}.Release|Any CPU.ActiveCfg = Release|Any CPU
		{CA6CAE54-29CC-C8B9-A2BC-C0CFF97D92E8}.Release|Any CPU.Build.0 = Release|Any CPU
		{77DA862E-5C24-31ED-BACA-E19E2AAFE1C6}.Debug|Any CPU.ActiveCfg = Debug|Any CPU
		{77DA862E-5C24-31ED-BACA-E19E2AAFE1C6}.Debug|Any CPU.Build.0 = Debug|Any CPU
		{77DA862E-5C24-31ED-BACA-E19E2AAFE1C6}.Release|Any CPU.ActiveCfg = Release|Any CPU
		{77DA862E-5C24-31ED-BACA-E19E2AAFE1C6}.Release|Any CPU.Build.0 = Release|Any CPU
	EndGlobalSection
	GlobalSection(SolutionProperties) = preSolution
		HideSolutionNode = FALSE
	EndGlobalSection
	GlobalSection(MonoDevelopProperties) = preSolution
		StartupItem = Assembly-CSharp.csproj
	EndGlobalSection
EndGlobal
